
Microsoft Visual Studio Solution File, Format Version 12.00
# Visual Studio Version 17
VisualStudioVersion = 17.7.34031.279
MinimumVisualStudioVersion = 10.0.40219.1
Project("{FAE04EC0-301F-11D3-BF4B-00C04F79EFBC}") = "Funzione", "Funzione\Funzione.csproj", "{A14C4062-D8F9-44FA-B689-23850C496095}"
EndProject
Global
	GlobalSection(SolutionConfigurationPlatforms) = preSolution
		Debug|Any CPU = Debug|Any CPU
		Release|Any CPU = Release|Any CPU
	EndGlobalSection
	GlobalSection(ProjectConfigurationPlatforms) = postSolution
		{A14C4062-D8F9-44FA-B689-23850C496095}.Debug|Any CPU.ActiveCfg = Debug|Any CPU
		{A14C4062-D8F9-44FA-B689-23850C496095}.Debug|Any CPU.Build.0 = Debug|Any CPU
		{A14C4062-D8F9-44FA-B689-23850C496095}.Release|Any CPU.ActiveCfg = Release|Any CPU
		{A14C4062-D8F9-44FA-B689-23850C496095}.Release|Any CPU.Build.0 = Release|Any CPU
	EndGlobalSection
	GlobalSection(SolutionProperties) = preSolution
		HideSolutionNode = FALSE
	EndGlobalSection
	GlobalSection(ExtensibilityGlobals) = postSolution
		SolutionGuid = {B53F1D8D-73C8-4E9E-AB08-8EDAE12B9923}
	EndGlobalSection
EndGlobal
